
Microsoft Visual Studio Solution File, Format Version 11.00
# Visual Studio 2010
Project("{FAE04EC0-301F-11D3-BF4B-00C04F79EFBC}") = "Oculus.Platform", "Oculus.Platform.csproj", "{a0ce5d6f-24cd-5038-1354-95b968ff52ec}"
EndProject
Project("{FAE04EC0-301F-11D3-BF4B-00C04F79EFBC}") = "Assembly-CSharp", "Assembly-CSharp.csproj", "{e6bdc332-25e1-2831-82c1-25d0441455a3}"
EndProject
Project("{FAE04EC0-301F-11D3-BF4B-00C04F79EFBC}") = "Oculus.Spatializer", "Oculus.Spatializer.csproj", "{fb5593f7-7159-1990-9b0c-e3323e259eef}"
EndProject
Project("{FAE04EC0-301F-11D3-BF4B-00C04F79EFBC}") = "PhotonVoice.API", "PhotonVoice.API.csproj", "{dce315b7-f369-5b27-2f62-a019f0af14b8}"
EndProject
Project("{FAE04EC0-301F-11D3-BF4B-00C04F79EFBC}") = "PlayFab", "PlayFab.csproj", "{6056f53a-c9cc-c2aa-e268-b941a1b5d63d}"
EndProject
Project("{FAE04EC0-301F-11D3-BF4B-00C04F79EFBC}") = "Oculus.Interaction", "Oculus.Interaction.csproj", "{e1109239-a6ef-34b1-ab89-71e27613e94e}"
EndProject
Project("{FAE04EC0-301F-11D3-BF4B-00C04F79EFBC}") = "Facebook.WitAI", "Facebook.WitAI.csproj", "{bb1ba859-13d9-ba50-b948-a53e8c361b77}"
EndProject
Project("{FAE04EC0-301F-11D3-BF4B-00C04F79EFBC}") = "PhotonVoice", "PhotonVoice.csproj", "{e26ae5b9-2c14-47dd-3d10-0f1cf96723a8}"
EndProject
Project("{FAE04EC0-301F-11D3-BF4B-00C04F79EFBC}") = "PhotonUnityNetworking.Demos", "PhotonUnityNetworking.Demos.csproj", "{e4322a9e-6e98-a001-f99e-ec01763413f2}"
EndProject
Project("{FAE04EC0-301F-11D3-BF4B-00C04F79EFBC}") = "Oculus.VR", "Oculus.VR.csproj", "{0224955f-ae0f-575c-ae5c-69c2e4459bca}"
EndProject
Project("{FAE04EC0-301F-11D3-BF4B-00C04F79EFBC}") = "Oculus.Interaction.Samples", "Oculus.Interaction.Samples.csproj", "{815a8135-e124-87d8-788a-8562a15e7977}"
EndProject
Project("{FAE04EC0-301F-11D3-BF4B-00C04F79EFBC}") = "PhotonRealtime", "PhotonRealtime.csproj", "{3a87fbd6-a83d-609f-4c23-f859e808de21}"
EndProject
Project("{FAE04EC0-301F-11D3-BF4B-00C04F79EFBC}") = "Facebook.Wit.TTS", "Facebook.Wit.TTS.csproj", "{a44f59e3-04f1-b3c2-c433-575aa276fa84}"
EndProject
Project("{FAE04EC0-301F-11D3-BF4B-00C04F79EFBC}") = "Oculus.AudioManager", "Oculus.AudioManager.csproj", "{422d4ddb-5054-e5b3-4de6-58a5dce25679}"
EndProject
Project("{FAE04EC0-301F-11D3-BF4B-00C04F79EFBC}") = "PhotonUnityNetworking", "PhotonUnityNetworking.csproj", "{3250d936-dbaa-9699-0ac6-dcc2659d7fd7}"
EndProject
Project("{FAE04EC0-301F-11D3-BF4B-00C04F79EFBC}") = "VoiceSDK.Runtime", "VoiceSDK.Runtime.csproj", "{711acbbf-b1a1-55f6-2e3a-49328af55f29}"
EndProject
Project("{FAE04EC0-301F-11D3-BF4B-00C04F79EFBC}") = "PhotonUnityNetworking.Utilities", "PhotonUnityNetworking.Utilities.csproj", "{cf620f43-6dcf-f496-d6ff-cfc470bf47e1}"
EndProject
Project("{FAE04EC0-301F-11D3-BF4B-00C04F79EFBC}") = "Oculus.Voice.Demo", "Oculus.Voice.Demo.csproj", "{39c25192-8e60-54bc-b073-05499f3ccf58}"
EndProject
Project("{FAE04EC0-301F-11D3-BF4B-00C04F79EFBC}") = "AssistantCoreSDKRuntime", "AssistantCoreSDKRuntime.csproj", "{7b3ba2d6-bad5-518a-4dea-dd149a5ba3c0}"
EndProject
Project("{FAE04EC0-301F-11D3-BF4B-00C04F79EFBC}") = "ControllerSample", "ControllerSample.csproj", "{f2fbd777-c9b2-d457-dd44-6468e44d8d47}"
EndProject
Project("{FAE04EC0-301F-11D3-BF4B-00C04F79EFBC}") = "Oculus.LipSync", "Oculus.LipSync.csproj", "{db8f7a47-5dd2-4b30-d2d7-4aaf48b42f5e}"
EndProject
Project("{FAE04EC0-301F-11D3-BF4B-00C04F79EFBC}") = "PhotonChat", "PhotonChat.csproj", "{d383c7d7-1d6b-ec12-0bb6-f34981a7a963}"
EndProject
Project("{FAE04EC0-301F-11D3-BF4B-00C04F79EFBC}") = "PhotonVoice.PUN", "PhotonVoice.PUN.csproj", "{d2b30c84-36b6-f5db-f432-73b0244f429b}"
EndProject
Project("{FAE04EC0-301F-11D3-BF4B-00C04F79EFBC}") = "Febucci.HierarchyIcons.Examples", "Febucci.HierarchyIcons.Examples.csproj", "{f55ea8ba-459b-d3a5-ffbf-bf0faf6ce329}"
EndProject
Project("{FAE04EC0-301F-11D3-BF4B-00C04F79EFBC}") = "Facebook.Wit.TTS.Samples", "Facebook.Wit.TTS.Samples.csproj", "{14bb6d60-59d9-5e9a-1938-fd826d6e410a}"
EndProject
Project("{FAE04EC0-301F-11D3-BF4B-00C04F79EFBC}") = "PhotonUnityNetworking.Editor", "PhotonUnityNetworking.Editor.csproj", "{349ad989-77c9-4491-c554-6d6aab09f39d}"
EndProject
Project("{FAE04EC0-301F-11D3-BF4B-00C04F79EFBC}") = "Oculus.Interaction.Editor", "Oculus.Interaction.Editor.csproj", "{dce4b565-f5b3-33fa-f51a-ef234f3864d1}"
EndProject
Project("{FAE04EC0-301F-11D3-BF4B-00C04F79EFBC}") = "Facebook.Wit.Editor", "Facebook.Wit.Editor.csproj", "{a22ac19a-eb21-df6d-e673-2cab3ad0c568}"
EndProject
Project("{FAE04EC0-301F-11D3-BF4B-00C04F79EFBC}") = "Unity.XR.Management.Samples", "Unity.XR.Management.Samples.csproj", "{65cc96ef-0904-61b9-d051-cc1a30637743}"
EndProject
Project("{FAE04EC0-301F-11D3-BF4B-00C04F79EFBC}") = "PhotonVoice.Editor", "PhotonVoice.Editor.csproj", "{54229716-e46a-000d-b04c-4efbd55d6c56}"
EndProject
Project("{FAE04EC0-301F-11D3-BF4B-00C04F79EFBC}") = "PlayFabEditorExtensions", "PlayFabEditorExtensions.csproj", "{39c86d2e-5b43-a586-f3ef-d0f7eaa645d1}"
EndProject
Project("{FAE04EC0-301F-11D3-BF4B-00C04F79EFBC}") = "Assembly-CSharp-Editor", "Assembly-CSharp-Editor.csproj", "{0910a9e8-8671-82a3-4fe4-3c21ba335f00}"
EndProject
Project("{FAE04EC0-301F-11D3-BF4B-00C04F79EFBC}") = "Oculus.Interaction.Samples.Editor", "Oculus.Interaction.Samples.Editor.csproj", "{2d58c1b7-82f9-a8c6-fb50-b82b63552d98}"
EndProject
Project("{FAE04EC0-301F-11D3-BF4B-00C04F79EFBC}") = "Oculus.VR.Editor", "Oculus.VR.Editor.csproj", "{c76a9a61-968e-8b55-820f-364cb4a43fa3}"
EndProject
Project("{FAE04EC0-301F-11D3-BF4B-00C04F79EFBC}") = "VoiceSDK.Editor", "VoiceSDK.Editor.csproj", "{4588aeed-cc3d-12c7-6e88-098ff88566aa}"
EndProject
Project("{FAE04EC0-301F-11D3-BF4B-00C04F79EFBC}") = "Facebook.Wit.TTS.Editor", "Facebook.Wit.TTS.Editor.csproj", "{bc49ef32-918e-7143-67d2-d5fe9e586820}"
EndProject
Project("{FAE04EC0-301F-11D3-BF4B-00C04F79EFBC}") = "PhotonUnityNetworking.Utilities.PhotonPlayer.Editor", "PhotonUnityNetworking.Utilities.PhotonPlayer.Editor.csproj", "{3d087658-09c8-6924-d042-ad2c15d0a5db}"
EndProject
Project("{FAE04EC0-301F-11D3-BF4B-00C04F79EFBC}") = "Oculus.Platform.Editor", "Oculus.Platform.Editor.csproj", "{86cb8d5b-5f2c-a8e8-144d-3b418fbf32b4}"
EndProject
Project("{FAE04EC0-301F-11D3-BF4B-00C04F79EFBC}") = "Oculus.Spatializer.Editor", "Oculus.Spatializer.Editor.csproj", "{c661b0cd-137a-ad4f-7246-c4dc8ab871ba}"
EndProject
Project("{FAE04EC0-301F-11D3-BF4B-00C04F79EFBC}") = "PunDemos.DemoSlotcarEditor", "PunDemos.DemoSlotcarEditor.csproj", "{fa60a1a4-9899-d645-9c67-c8c86d3501e0}"
EndProject
Project("{FAE04EC0-301F-11D3-BF4B-00C04F79EFBC}") = "Oculus.AudioManager.Audio.Editor", "Oculus.AudioManager.Audio.Editor.csproj", "{8376df06-deae-54a1-4a09-6a681f41a52a}"
EndProject
Project("{FAE04EC0-301F-11D3-BF4B-00C04F79EFBC}") = "Oculus.Interaction.InterfaceSupport", "Oculus.Interaction.InterfaceSupport.csproj", "{12c8374b-872c-e7f3-bba1-bffcd700faa2}"
EndProject
Project("{FAE04EC0-301F-11D3-BF4B-00C04F79EFBC}") = "Oculus.VR.Scripts.Editor", "Oculus.VR.Scripts.Editor.csproj", "{8e811a6a-7520-0375-ac3e-ac553b965d20}"
EndProject
Project("{FAE04EC0-301F-11D3-BF4B-00C04F79EFBC}") = "Oculus.LipSync.Editor", "Oculus.LipSync.Editor.csproj", "{21829f96-4976-2c85-f238-1e3f53705fd5}"
EndProject
Project("{FAE04EC0-301F-11D3-BF4B-00C04F79EFBC}") = "Unity.XR.Management.Samples.Editor", "Unity.XR.Management.Samples.Editor.csproj", "{e8d9279d-dd16-20cf-556d-739527c053b0}"
EndProject
Project("{FAE04EC0-301F-11D3-BF4B-00C04F79EFBC}") = "PhotonUnityNetworking.Utilities.Culling.Editor", "PhotonUnityNetworking.Utilities.Culling.Editor.csproj", "{c1509944-4900-740b-03d5-60a45db554d9}"
EndProject
Project("{FAE04EC0-301F-11D3-BF4B-00C04F79EFBC}") = "PunDemos.DemoHubEditor", "PunDemos.DemoHubEditor.csproj", "{b4dc705d-b972-a445-6fda-6290c3f0cf3c}"
EndProject
Project("{FAE04EC0-301F-11D3-BF4B-00C04F79EFBC}") = "PlayFabSDKEditor", "PlayFabSDKEditor.csproj", "{768090dd-29cf-e892-a596-444bf7e6e5d2}"
EndProject
Project("{FAE04EC0-301F-11D3-BF4B-00C04F79EFBC}") = "Febucci.HierarchyIcons", "Febucci.HierarchyIcons.csproj", "{d7a0f571-a706-57bd-45ca-b15f9860083e}"
EndProject
Project("{FAE04EC0-301F-11D3-BF4B-00C04F79EFBC}") = "PhotonVoice.Utilities.Editor", "PhotonVoice.Utilities.Editor.csproj", "{b50186f3-737e-8b50-79ba-8382dc6738ef}"
EndProject
Project("{FAE04EC0-301F-11D3-BF4B-00C04F79EFBC}") = "AssistantCoreSDKEditor", "AssistantCoreSDKEditor.csproj", "{543f2aaa-099c-9728-ec05-1fa2cefa6656}"
EndProject
Project("{FAE04EC0-301F-11D3-BF4B-00C04F79EFBC}") = "Oculus.AudioManager.Utils.Editor", "Oculus.AudioManager.Utils.Editor.csproj", "{faa301f3-c4e1-37ef-8fb8-a2f20e02c2b6}"
EndProject
Project("{FAE04EC0-301F-11D3-BF4B-00C04F79EFBC}") = "PhotonVoice.PUN.Editor", "PhotonVoice.PUN.Editor.csproj", "{3798a323-77fe-24f2-b570-6bfaed79cb94}"
EndProject
Global
	GlobalSection(SolutionConfigurationPlatforms) = preSolution
		Debug|Any CPU = Debug|Any CPU
	EndGlobalSection
	GlobalSection(ProjectConfigurationPlatforms) = postSolution
		{a0ce5d6f-24cd-5038-1354-95b968ff52ec}.Debug|Any CPU.ActiveCfg = Debug|Any CPU
		{a0ce5d6f-24cd-5038-1354-95b968ff52ec}.Debug|Any CPU.Build.0 = Debug|Any CPU
		{e6bdc332-25e1-2831-82c1-25d0441455a3}.Debug|Any CPU.ActiveCfg = Debug|Any CPU
		{e6bdc332-25e1-2831-82c1-25d0441455a3}.Debug|Any CPU.Build.0 = Debug|Any CPU
		{fb5593f7-7159-1990-9b0c-e3323e259eef}.Debug|Any CPU.ActiveCfg = Debug|Any CPU
		{fb5593f7-7159-1990-9b0c-e3323e259eef}.Debug|Any CPU.Build.0 = Debug|Any CPU
		{dce315b7-f369-5b27-2f62-a019f0af14b8}.Debug|Any CPU.ActiveCfg = Debug|Any CPU
		{dce315b7-f369-5b27-2f62-a019f0af14b8}.Debug|Any CPU.Build.0 = Debug|Any CPU
		{6056f53a-c9cc-c2aa-e268-b941a1b5d63d}.Debug|Any CPU.ActiveCfg = Debug|Any CPU
		{6056f53a-c9cc-c2aa-e268-b941a1b5d63d}.Debug|Any CPU.Build.0 = Debug|Any CPU
		{e1109239-a6ef-34b1-ab89-71e27613e94e}.Debug|Any CPU.ActiveCfg = Debug|Any CPU
		{e1109239-a6ef-34b1-ab89-71e27613e94e}.Debug|Any CPU.Build.0 = Debug|Any CPU
		{bb1ba859-13d9-ba50-b948-a53e8c361b77}.Debug|Any CPU.ActiveCfg = Debug|Any CPU
		{bb1ba859-13d9-ba50-b948-a53e8c361b77}.Debug|Any CPU.Build.0 = Debug|Any CPU
		{e26ae5b9-2c14-47dd-3d10-0f1cf96723a8}.Debug|Any CPU.ActiveCfg = Debug|Any CPU
		{e26ae5b9-2c14-47dd-3d10-0f1cf96723a8}.Debug|Any CPU.Build.0 = Debug|Any CPU
		{e4322a9e-6e98-a001-f99e-ec01763413f2}.Debug|Any CPU.ActiveCfg = Debug|Any CPU
		{e4322a9e-6e98-a001-f99e-ec01763413f2}.Debug|Any CPU.Build.0 = Debug|Any CPU
		{0224955f-ae0f-575c-ae5c-69c2e4459bca}.Debug|Any CPU.ActiveCfg = Debug|Any CPU
		{0224955f-ae0f-575c-ae5c-69c2e4459bca}.Debug|Any CPU.Build.0 = Debug|Any CPU
		{815a8135-e124-87d8-788a-8562a15e7977}.Debug|Any CPU.ActiveCfg = Debug|Any CPU
		{815a8135-e124-87d8-788a-8562a15e7977}.Debug|Any CPU.Build.0 = Debug|Any CPU
		{3a87fbd6-a83d-609f-4c23-f859e808de21}.Debug|Any CPU.ActiveCfg = Debug|Any CPU
		{3a87fbd6-a83d-609f-4c23-f859e808de21}.Debug|Any CPU.Build.0 = Debug|Any CPU
		{a44f59e3-04f1-b3c2-c433-575aa276fa84}.Debug|Any CPU.ActiveCfg = Debug|Any CPU
		{a44f59e3-04f1-b3c2-c433-575aa276fa84}.Debug|Any CPU.Build.0 = Debug|Any CPU
		{422d4ddb-5054-e5b3-4de6-58a5dce25679}.Debug|Any CPU.ActiveCfg = Debug|Any CPU
		{422d4ddb-5054-e5b3-4de6-58a5dce25679}.Debug|Any CPU.Build.0 = Debug|Any CPU
		{3250d936-dbaa-9699-0ac6-dcc2659d7fd7}.Debug|Any CPU.ActiveCfg = Debug|Any CPU
		{3250d936-dbaa-9699-0ac6-dcc2659d7fd7}.Debug|Any CPU.Build.0 = Debug|Any CPU
		{711acbbf-b1a1-55f6-2e3a-49328af55f29}.Debug|Any CPU.ActiveCfg = Debug|Any CPU
		{711acbbf-b1a1-55f6-2e3a-49328af55f29}.Debug|Any CPU.Build.0 = Debug|Any CPU
		{cf620f43-6dcf-f496-d6ff-cfc470bf47e1}.Debug|Any CPU.ActiveCfg = Debug|Any CPU
		{cf620f43-6dcf-f496-d6ff-cfc470bf47e1}.Debug|Any CPU.Build.0 = Debug|Any CPU
		{39c25192-8e60-54bc-b073-05499f3ccf58}.Debug|Any CPU.ActiveCfg = Debug|Any CPU
		{39c25192-8e60-54bc-b073-05499f3ccf58}.Debug|Any CPU.Build.0 = Debug|Any CPU
		{7b3ba2d6-bad5-518a-4dea-dd149a5ba3c0}.Debug|Any CPU.ActiveCfg = Debug|Any CPU
		{7b3ba2d6-bad5-518a-4dea-dd149a5ba3c0}.Debug|Any CPU.Build.0 = Debug|Any CPU
		{f2fbd777-c9b2-d457-dd44-6468e44d8d47}.Debug|Any CPU.ActiveCfg = Debug|Any CPU
		{f2fbd777-c9b2-d457-dd44-6468e44d8d47}.Debug|Any CPU.Build.0 = Debug|Any CPU
		{db8f7a47-5dd2-4b30-d2d7-4aaf48b42f5e}.Debug|Any CPU.ActiveCfg = Debug|Any CPU
		{db8f7a47-5dd2-4b30-d2d7-4aaf48b42f5e}.Debug|Any CPU.Build.0 = Debug|Any CPU
		{d383c7d7-1d6b-ec12-0bb6-f34981a7a963}.Debug|Any CPU.ActiveCfg = Debug|Any CPU
		{d383c7d7-1d6b-ec12-0bb6-f34981a7a963}.Debug|Any CPU.Build.0 = Debug|Any CPU
		{d2b30c84-36b6-f5db-f432-73b0244f429b}.Debug|Any CPU.ActiveCfg = Debug|Any CPU
		{d2b30c84-36b6-f5db-f432-73b0244f429b}.Debug|Any CPU.Build.0 = Debug|Any CPU
		{f55ea8ba-459b-d3a5-ffbf-bf0faf6ce329}.Debug|Any CPU.ActiveCfg = Debug|Any CPU
		{f55ea8ba-459b-d3a5-ffbf-bf0faf6ce329}.Debug|Any CPU.Build.0 = Debug|Any CPU
		{14bb6d60-59d9-5e9a-1938-fd826d6e410a}.Debug|Any CPU.ActiveCfg = Debug|Any CPU
		{14bb6d60-59d9-5e9a-1938-fd826d6e410a}.Debug|Any CPU.Build.0 = Debug|Any CPU
		{349ad989-77c9-4491-c554-6d6aab09f39d}.Debug|Any CPU.ActiveCfg = Debug|Any CPU
		{349ad989-77c9-4491-c554-6d6aab09f39d}.Debug|Any CPU.Build.0 = Debug|Any CPU
		{dce4b565-f5b3-33fa-f51a-ef234f3864d1}.Debug|Any CPU.ActiveCfg = Debug|Any CPU
		{dce4b565-f5b3-33fa-f51a-ef234f3864d1}.Debug|Any CPU.Build.0 = Debug|Any CPU
		{a22ac19a-eb21-df6d-e673-2cab3ad0c568}.Debug|Any CPU.ActiveCfg = Debug|Any CPU
		{a22ac19a-eb21-df6d-e673-2cab3ad0c568}.Debug|Any CPU.Build.0 = Debug|Any CPU
		{65cc96ef-0904-61b9-d051-cc1a30637743}.Debug|Any CPU.ActiveCfg = Debug|Any CPU
		{65cc96ef-0904-61b9-d051-cc1a30637743}.Debug|Any CPU.Build.0 = Debug|Any CPU
		{54229716-e46a-000d-b04c-4efbd55d6c56}.Debug|Any CPU.ActiveCfg = Debug|Any CPU
		{54229716-e46a-000d-b04c-4efbd55d6c56}.Debug|Any CPU.Build.0 = Debug|Any CPU
		{39c86d2e-5b43-a586-f3ef-d0f7eaa645d1}.Debug|Any CPU.ActiveCfg = Debug|Any CPU
		{39c86d2e-5b43-a586-f3ef-d0f7eaa645d1}.Debug|Any CPU.Build.0 = Debug|Any CPU
		{0910a9e8-8671-82a3-4fe4-3c21ba335f00}.Debug|Any CPU.ActiveCfg = Debug|Any CPU
		{0910a9e8-8671-82a3-4fe4-3c21ba335f00}.Debug|Any CPU.Build.0 = Debug|Any CPU
		{2d58c1b7-82f9-a8c6-fb50-b82b63552d98}.Debug|Any CPU.ActiveCfg = Debug|Any CPU
		{2d58c1b7-82f9-a8c6-fb50-b82b63552d98}.Debug|Any CPU.Build.0 = Debug|Any CPU
		{c76a9a61-968e-8b55-820f-364cb4a43fa3}.Debug|Any CPU.ActiveCfg = Debug|Any CPU
		{c76a9a61-968e-8b55-820f-364cb4a43fa3}.Debug|Any CPU.Build.0 = Debug|Any CPU
		{4588aeed-cc3d-12c7-6e88-098ff88566aa}.Debug|Any CPU.ActiveCfg = Debug|Any CPU
		{4588aeed-cc3d-12c7-6e88-098ff88566aa}.Debug|Any CPU.Build.0 = Debug|Any CPU
		{bc49ef32-918e-7143-67d2-d5fe9e586820}.Debug|Any CPU.ActiveCfg = Debug|Any CPU
		{bc49ef32-918e-7143-67d2-d5fe9e586820}.Debug|Any CPU.Build.0 = Debug|Any CPU
		{3d087658-09c8-6924-d042-ad2c15d0a5db}.Debug|Any CPU.ActiveCfg = Debug|Any CPU
		{3d087658-09c8-6924-d042-ad2c15d0a5db}.Debug|Any CPU.Build.0 = Debug|Any CPU
		{86cb8d5b-5f2c-a8e8-144d-3b418fbf32b4}.Debug|Any CPU.ActiveCfg = Debug|Any CPU
		{86cb8d5b-5f2c-a8e8-144d-3b418fbf32b4}.Debug|Any CPU.Build.0 = Debug|Any CPU
		{c661b0cd-137a-ad4f-7246-c4dc8ab871ba}.Debug|Any CPU.ActiveCfg = Debug|Any CPU
		{c661b0cd-137a-ad4f-7246-c4dc8ab871ba}.Debug|Any CPU.Build.0 = Debug|Any CPU
		{fa60a1a4-9899-d645-9c67-c8c86d3501e0}.Debug|Any CPU.ActiveCfg = Debug|Any CPU
		{fa60a1a4-9899-d645-9c67-c8c86d3501e0}.Debug|Any CPU.Build.0 = Debug|Any CPU
		{8376df06-deae-54a1-4a09-6a681f41a52a}.Debug|Any CPU.ActiveCfg = Debug|Any CPU
		{8376df06-deae-54a1-4a09-6a681f41a52a}.Debug|Any CPU.Build.0 = Debug|Any CPU
		{12c8374b-872c-e7f3-bba1-bffcd700faa2}.Debug|Any CPU.ActiveCfg = Debug|Any CPU
		{12c8374b-872c-e7f3-bba1-bffcd700faa2}.Debug|Any CPU.Build.0 = Debug|Any CPU
		{8e811a6a-7520-0375-ac3e-ac553b965d20}.Debug|Any CPU.ActiveCfg = Debug|Any CPU
		{8e811a6a-7520-0375-ac3e-ac553b965d20}.Debug|Any CPU.Build.0 = Debug|Any CPU
		{21829f96-4976-2c85-f238-1e3f53705fd5}.Debug|Any CPU.ActiveCfg = Debug|Any CPU
		{21829f96-4976-2c85-f238-1e3f53705fd5}.Debug|Any CPU.Build.0 = Debug|Any CPU
		{e8d9279d-dd16-20cf-556d-739527c053b0}.Debug|Any CPU.ActiveCfg = Debug|Any CPU
		{e8d9279d-dd16-20cf-556d-739527c053b0}.Debug|Any CPU.Build.0 = Debug|Any CPU
		{c1509944-4900-740b-03d5-60a45db554d9}.Debug|Any CPU.ActiveCfg = Debug|Any CPU
		{c1509944-4900-740b-03d5-60a45db554d9}.Debug|Any CPU.Build.0 = Debug|Any CPU
		{b4dc705d-b972-a445-6fda-6290c3f0cf3c}.Debug|Any CPU.ActiveCfg = Debug|Any CPU
		{b4dc705d-b972-a445-6fda-6290c3f0cf3c}.Debug|Any CPU.Build.0 = Debug|Any CPU
		{768090dd-29cf-e892-a596-444bf7e6e5d2}.Debug|Any CPU.ActiveCfg = Debug|Any CPU
		{768090dd-29cf-e892-a596-444bf7e6e5d2}.Debug|Any CPU.Build.0 = Debug|Any CPU
		{d7a0f571-a706-57bd-45ca-b15f9860083e}.Debug|Any CPU.ActiveCfg = Debug|Any CPU
		{d7a0f571-a706-57bd-45ca-b15f9860083e}.Debug|Any CPU.Build.0 = Debug|Any CPU
		{b50186f3-737e-8b50-79ba-8382dc6738ef}.Debug|Any CPU.ActiveCfg = Debug|Any CPU
		{b50186f3-737e-8b50-79ba-8382dc6738ef}.Debug|Any CPU.Build.0 = Debug|Any CPU
		{543f2aaa-099c-9728-ec05-1fa2cefa6656}.Debug|Any CPU.ActiveCfg = Debug|Any CPU
		{543f2aaa-099c-9728-ec05-1fa2cefa6656}.Debug|Any CPU.Build.0 = Debug|Any CPU
		{faa301f3-c4e1-37ef-8fb8-a2f20e02c2b6}.Debug|Any CPU.ActiveCfg = Debug|Any CPU
		{faa301f3-c4e1-37ef-8fb8-a2f20e02c2b6}.Debug|Any CPU.Build.0 = Debug|Any CPU
		{3798a323-77fe-24f2-b570-6bfaed79cb94}.Debug|Any CPU.ActiveCfg = Debug|Any CPU
		{3798a323-77fe-24f2-b570-6bfaed79cb94}.Debug|Any CPU.Build.0 = Debug|Any CPU
	EndGlobalSection
	GlobalSection(SolutionProperties) = preSolution
		HideSolutionNode = FALSE
	EndGlobalSection
EndGlobal
