
Microsoft Visual Studio Solution File, Format Version 12.00
# Visual Studio 15
Project("{FAE04EC0-301F-11D3-BF4B-00C04F79EFBC}") = "Assembly-CSharp", "Assembly-CSharp.csproj", "{00FBEE1E-871C-6D16-8E4F-74203294676B}"
EndProject
Global
	GlobalSection(SolutionConfigurationPlatforms) = preSolution
		Debug|Any CPU = Debug|Any CPU
		Release|Any CPU = Release|Any CPU
	EndGlobalSection
	GlobalSection(ProjectConfigurationPlatforms) = postSolution
		{00FBEE1E-871C-6D16-8E4F-74203294676B}.Debug|Any CPU.ActiveCfg = Debug|Any CPU
		{00FBEE1E-871C-6D16-8E4F-74203294676B}.Debug|Any CPU.Build.0 = Debug|Any CPU
		{00FBEE1E-871C-6D16-8E4F-74203294676B}.Release|Any CPU.ActiveCfg = Release|Any CPU
		{00FBEE1E-871C-6D16-8E4F-74203294676B}.Release|Any CPU.Build.0 = Release|Any CPU
	EndGlobalSection
	GlobalSection(SolutionProperties) = preSolution
		HideSolutionNode = FALSE
	EndGlobalSection
EndGlobal
